{
  "name": "client",
  "lockfileVersion": 2,
  "requires": true,
  "packages": {
    "": {
      "dependencies": {
        "web-server-weather": "file:.."
      }
    },
    "..": {
      "version": "1.0.0",
      "license": "ISC",
      "dependencies": {
        "express": "^4.17.1",
        "handlebars": "^4.7.7",
        "hbs": "^4.1.2",
        "heroku": "^7.2.0",
        "postman-request": "^2.88.1-postman.30"
      },
      "devDependencies": {
        "nodemon": "^2.0.12"
      }
    },
    "node_modules/web-server-weather": {
      "resolved": "..",
      "link": true
    }
  },
  "dependencies": {
    "web-server-weather": {
      "version": "file:..",
      "requires": {
        "express": "^4.17.1",
        "handlebars": "^4.7.7",
        "hbs": "^4.1.2",
        "heroku": "^7.2.0",
        "nodemon": "^2.0.12",
        "postman-request": "^2.88.1-postman.30"
      }
    }
  }
}
